
Microsoft Visual Studio Solution File, Format Version 11.00
# Visual Studio 2010
Project("{FAE04EC0-301F-11D3-BF4B-00C04F79EFBC}") = "Assembly-CSharp", "Assembly-CSharp.csproj", "{CCA266EE-184C-A69E-05B1-9D1F5E1EF013}"
EndProject
Project("{FAE04EC0-301F-11D3-BF4B-00C04F79EFBC}") = "Assembly-CSharp-Editor", "Assembly-CSharp-Editor.csproj", "{E9198BE4-156C-1A41-475D-6EEFD6ACC5D1}"
EndProject
Global
	GlobalSection(SolutionConfigurationPlatforms) = preSolution
		Debug|Any CPU = Debug|Any CPU
		Release|Any CPU = Release|Any CPU
	EndGlobalSection
	GlobalSection(ProjectConfigurationPlatforms) = postSolution
		{CCA266EE-184C-A69E-05B1-9D1F5E1EF013}.Debug|Any CPU.ActiveCfg = Debug|Any CPU
		{CCA266EE-184C-A69E-05B1-9D1F5E1EF013}.Debug|Any CPU.Build.0 = Debug|Any CPU
		{CCA266EE-184C-A69E-05B1-9D1F5E1EF013}.Release|Any CPU.ActiveCfg = Release|Any CPU
		{CCA266EE-184C-A69E-05B1-9D1F5E1EF013}.Release|Any CPU.Build.0 = Release|Any CPU
		{E9198BE4-156C-1A41-475D-6EEFD6ACC5D1}.Debug|Any CPU.ActiveCfg = Debug|Any CPU
		{E9198BE4-156C-1A41-475D-6EEFD6ACC5D1}.Debug|Any CPU.Build.0 = Debug|Any CPU
		{E9198BE4-156C-1A41-475D-6EEFD6ACC5D1}.Release|Any CPU.ActiveCfg = Release|Any CPU
		{E9198BE4-156C-1A41-475D-6EEFD6ACC5D1}.Release|Any CPU.Build.0 = Release|Any CPU
	EndGlobalSection
	GlobalSection(SolutionProperties) = preSolution
		HideSolutionNode = FALSE
	EndGlobalSection
EndGlobal
